
Microsoft Visual Studio Solution File, Format Version 12.00
# Visual Studio Version 16
VisualStudioVersion = 16.0.30002.166
MinimumVisualStudioVersion = 10.0.40219.1
Project("{FAE04EC0-301F-11D3-BF4B-00C04F79EFBC}") = "SharedStops", "SharedStops\SharedStops.csproj", "{1ACD1955-A29C-4331-99A3-005412DDAEAF}"
EndProject
Global
	GlobalSection(SolutionConfigurationPlatforms) = preSolution
		Debug|Any CPU = Debug|Any CPU
		Release|Any CPU = Release|Any CPU
	EndGlobalSection
	GlobalSection(ProjectConfigurationPlatforms) = postSolution
		{1ACD1955-A29C-4331-99A3-005412DDAEAF}.Debug|Any CPU.ActiveCfg = Debug|Any CPU
		{1ACD1955-A29C-4331-99A3-005412DDAEAF}.Debug|Any CPU.Build.0 = Debug|Any CPU
		{1ACD1955-A29C-4331-99A3-005412DDAEAF}.Release|Any CPU.ActiveCfg = Release|Any CPU
		{1ACD1955-A29C-4331-99A3-005412DDAEAF}.Release|Any CPU.Build.0 = Release|Any CPU
	EndGlobalSection
	GlobalSection(SolutionProperties) = preSolution
		HideSolutionNode = FALSE
	EndGlobalSection
	GlobalSection(ExtensibilityGlobals) = postSolution
		SolutionGuid = {2C7ACABE-42AF-400D-99B8-010614843049}
	EndGlobalSection
EndGlobal
